
Microsoft Visual Studio Solution File, Format Version 12.00
# Visual Studio Version 17
VisualStudioVersion = 17.14.36511.14
MinimumVisualStudioVersion = 10.0.40219.1
Project("{FAE04EC0-301F-11D3-BF4B-00C04F79EFBC}") = "SSRSPdfToImageService", "SSRSPdfToImageService.csproj", "{972A7E44-9619-4555-B02A-B256ED16C4C8}"
EndProject
Project("{FAE04EC0-301F-11D3-BF4B-00C04F79EFBC}") = "FrameworkCore", "..\..\..\..\..\Framework\FrameworkCore\FrameworkCore.csproj", "{B6606334-2867-D1FF-06BA-E9BFB08597E0}"
EndProject
Global
	GlobalSection(SolutionConfigurationPlatforms) = preSolution
		Debug|Any CPU = Debug|Any CPU
		Release|Any CPU = Release|Any CPU
	EndGlobalSection
	GlobalSection(ProjectConfigurationPlatforms) = postSolution
		{972A7E44-9619-4555-B02A-B256ED16C4C8}.Debug|Any CPU.ActiveCfg = Debug|Any CPU
		{972A7E44-9619-4555-B02A-B256ED16C4C8}.Debug|Any CPU.Build.0 = Debug|Any CPU
		{972A7E44-9619-4555-B02A-B256ED16C4C8}.Release|Any CPU.ActiveCfg = Release|Any CPU
		{972A7E44-9619-4555-B02A-B256ED16C4C8}.Release|Any CPU.Build.0 = Release|Any CPU
		{B6606334-2867-D1FF-06BA-E9BFB08597E0}.Debug|Any CPU.ActiveCfg = Debug|Any CPU
		{B6606334-2867-D1FF-06BA-E9BFB08597E0}.Debug|Any CPU.Build.0 = Debug|Any CPU
		{B6606334-2867-D1FF-06BA-E9BFB08597E0}.Release|Any CPU.ActiveCfg = Release|Any CPU
		{B6606334-2867-D1FF-06BA-E9BFB08597E0}.Release|Any CPU.Build.0 = Release|Any CPU
	EndGlobalSection
	GlobalSection(SolutionProperties) = preSolution
		HideSolutionNode = FALSE
	EndGlobalSection
	GlobalSection(ExtensibilityGlobals) = postSolution
		SolutionGuid = {8A3C8246-1872-4D2A-A64A-A2FEA0731D1C}
	EndGlobalSection
EndGlobal
